
Microsoft Visual Studio Solution File, Format Version 12.00
# Visual Studio Version 17
VisualStudioVersion = 17.9.34622.214
MinimumVisualStudioVersion = 10.0.40219.1
Project("{9A19103F-16F7-4668-BE54-9A1E7A4F7556}") = "ConsoleApp1", "ConsoleApp1.csproj", "{BB4B5791-1A0C-4CF9-A15C-9180054AAD41}"
EndProject
Project("{FAE04EC0-301F-11D3-BF4B-00C04F79EFBC}") = "WithDapper", "..\WithDapper\WithDapper.csproj", "{611A577F-5E93-486A-9E17-C3E3B8359057}"
EndProject
Global
	GlobalSection(SolutionConfigurationPlatforms) = preSolution
		Debug|Any CPU = Debug|Any CPU
		Release|Any CPU = Release|Any CPU
	EndGlobalSection
	GlobalSection(ProjectConfigurationPlatforms) = postSolution
		{BB4B5791-1A0C-4CF9-A15C-9180054AAD41}.Debug|Any CPU.ActiveCfg = Debug|Any CPU
		{BB4B5791-1A0C-4CF9-A15C-9180054AAD41}.Debug|Any CPU.Build.0 = Debug|Any CPU
		{BB4B5791-1A0C-4CF9-A15C-9180054AAD41}.Release|Any CPU.ActiveCfg = Release|Any CPU
		{BB4B5791-1A0C-4CF9-A15C-9180054AAD41}.Release|Any CPU.Build.0 = Release|Any CPU
		{611A577F-5E93-486A-9E17-C3E3B8359057}.Debug|Any CPU.ActiveCfg = Debug|Any CPU
		{611A577F-5E93-486A-9E17-C3E3B8359057}.Debug|Any CPU.Build.0 = Debug|Any CPU
		{611A577F-5E93-486A-9E17-C3E3B8359057}.Release|Any CPU.ActiveCfg = Release|Any CPU
		{611A577F-5E93-486A-9E17-C3E3B8359057}.Release|Any CPU.Build.0 = Release|Any CPU
	EndGlobalSection
	GlobalSection(SolutionProperties) = preSolution
		HideSolutionNode = FALSE
	EndGlobalSection
	GlobalSection(ExtensibilityGlobals) = postSolution
		SolutionGuid = {0703E1C9-21AD-4D53-874F-7855BA2FF812}
	EndGlobalSection
EndGlobal
